// !$*UTF8*$!
{
	archiveVersion = 1;
	classes = {
	};
	objectVersion = 46;
	objects = {

/* Begin PBXBuildFile section */
		A2A9D0341ED7877D00B2EF87 /* AppDelegate.swift in Sources */ = {isa = PBXBuildFile; fileRef = A2A9D0331ED7877D00B2EF87 /* AppDelegate.swift */; };
		A2A9D0361ED7877E00B2EF87 /* ViewController.swift in Sources */ = {isa = PBXBuildFile; fileRef = A2A9D0351ED7877E00B2EF87 /* ViewController.swift */; };
		A2A9D0391ED7877E00B2EF87 /* Main.storyboard in Resources */ = {isa = PBXBuildFile; fileRef = A2A9D0371ED7877E00B2EF87 /* Main.storyboard */; };
		A2A9D03B1ED7877E00B2EF87 /* Assets.xcassets in Resources */ = {isa = PBXBuildFile; fileRef = A2A9D03A1ED7877E00B2EF87 /* Assets.xcassets */; };
		A2A9D03E1ED7877E00B2EF87 /* LaunchScreen.storyboard in Resources */ = {isa = PBXBuildFile; fileRef = A2A9D03C1ED7877E00B2EF87 /* LaunchScreen.storyboard */; };
		A2A9D0491ED7877E00B2EF87 /* exerc4Tests.swift in Sources */ = {isa = PBXBuildFile; fileRef = A2A9D0481ED7877E00B2EF87 /* exerc4Tests.swift */; };
		A2A9D0541ED7877E00B2EF87 /* exerc4UITests.swift in Sources */ = {isa = PBXBuildFile; fileRef = A2A9D0531ED7877E00B2EF87 /* exerc4UITests.swift */; };
/* End PBXBuildFile section */

/* Begin PBXContainerItemProxy section */
		A2A9D0451ED7877E00B2EF87 /* PBXContainerItemProxy */ = {
			isa = PBXContainerItemProxy;
			containerPortal = A2A9D0281ED7877D00B2EF87 /* Project object */;
			proxyType = 1;
			remoteGlobalIDString = A2A9D02F1ED7877D00B2EF87;
			remoteInfo = exerc4;
		};
		A2A9D0501ED7877E00B2EF87 /* PBXContainerItemProxy */ = {
			isa = PBXContainerItemProxy;
			containerPortal = A2A9D0281ED7877D00B2EF87 /* Project object */;
			proxyType = 1;
			remoteGlobalIDString = A2A9D02F1ED7877D00B2EF87;
			remoteInfo = exerc4;
		};
/* End PBXContainerItemProxy section */

/* Begin PBXFileReference section */
		A2A9D0301ED7877D00B2EF87 /* exerc4.app */ = {isa = PBXFileReference; explicitFileType = wrapper.application; includeInIndex = 0; path = exerc4.app; sourceTree = BUILT_PRODUCTS_DIR; };
		A2A9D0331ED7877D00B2EF87 /* AppDelegate.swift */ = {isa = PBXFileReference; lastKnownFileType = sourcecode.swift; path = AppDelegate.swift; sourceTree = "<group>"; };
		A2A9D0351ED7877E00B2EF87 /* ViewController.swift */ = {isa = PBXFileReference; lastKnownFileType = sourcecode.swift; path = ViewController.swift; sourceTree = "<group>"; };
		A2A9D0381ED7877E00B2EF87 /* Base */ = {isa = PBXFileReference; lastKnownFileType = file.storyboard; name = Base; path = Base.lproj/Main.storyboard; sourceTree = "<group>"; };
		A2A9D03A1ED7877E00B2EF87 /* Assets.xcassets */ = {isa = PBXFileReference; lastKnownFileType = folder.assetcatalog; path = Assets.xcassets; sourceTree = "<group>"; };
		A2A9D03D1ED7877E00B2EF87 /* Base */ = {isa = PBXFileReference; lastKnownFileType = file.storyboard; name = Base; path = Base.lproj/LaunchScreen.storyboard; sourceTree = "<group>"; };
		A2A9D03F1ED7877E00B2EF87 /* Info.plist */ = {isa = PBXFileReference; lastKnownFileType = text.plist.xml; path = Info.plist; sourceTree = "<group>"; };
		A2A9D0441ED7877E00B2EF87 /* exerc4Tests.xctest */ = {isa = PBXFileReference; explicitFileType = wrapper.cfbundle; includeInIndex = 0; path = exerc4Tests.xctest; sourceTree = BUILT_PRODUCTS_DIR; };
		A2A9D0481ED7877E00B2EF87 /* exerc4Tests.swift */ = {isa = PBXFileReference; lastKnownFileType = sourcecode.swift; path = exerc4Tests.swift; sourceTree = "<group>"; };
		A2A9D04A1ED7877E00B2EF87 /* Info.plist */ = {isa = PBXFileReference; lastKnownFileType = text.plist.xml; path = Info.plist; sourceTree = "<group>"; };
		A2A9D04F1ED7877E00B2EF87 /* exerc4UITests.xctest */ = {isa = PBXFileReference; explicitFileType = wrapper.cfbundle; includeInIndex = 0; path = exerc4UITests.xctest; sourceTree = BUILT_PRODUCTS_DIR; };
		A2A9D0531ED7877E00B2EF87 /* exerc4UITests.swift */ = {isa = PBXFileReference; lastKnownFileType = sourcecode.swift; path = exerc4UITests.swift; sourceTree = "<group>"; };
		A2A9D0551ED7877E00B2EF87 /* Info.plist */ = {isa = PBXFileReference; lastKnownFileType = text.plist.xml; path = Info.plist; sourceTree = "<group>"; };
/* End PBXFileReference section */

/* Begin PBXFrameworksBuildPhase section */
		A2A9D02D1ED7877D00B2EF87 /* Frameworks */ = {
			isa = PBXFrameworksBuildPhase;
			buildActionMask = 2147483647;
			files = (
			);
			runOnlyForDeploymentPostprocessing = 0;
		};
		A2A9D0411ED7877E00B2EF87 /* Frameworks */ = {
			isa = PBXFrameworksBuildPhase;
			buildActionMask = 2147483647;
			files = (
			);
			runOnlyForDeploymentPostprocessing = 0;
		};
		A2A9D04C1ED7877E00B2EF87 /* Frameworks */ = {
			isa = PBXFrameworksBuildPhase;
			buildActionMask = 2147483647;
			files = (
			);
			runOnlyForDeploymentPostprocessing = 0;
		};
/* End PBXFrameworksBuildPhase section */

/* Begin PBXGroup section */
		A2A9D0271ED7877D00B2EF87 = {
			isa = PBXGroup;
			children = (
				A2A9D0321ED7877D00B2EF87 /* exerc4 */,
				A2A9D0471ED7877E00B2EF87 /* exerc4Tests */,
				A2A9D0521ED7877E00B2EF87 /* exerc4UITests */,
				A2A9D0311ED7877D00B2EF87 /* Products */,
			);
			sourceTree = "<group>";
		};
		A2A9D0311ED7877D00B2EF87 /* Products */ = {
			isa = PBXGroup;
			children = (
				A2A9D0301ED7877D00B2EF87 /* exerc4.app */,
				A2A9D0441ED7877E00B2EF87 /* exerc4Tests.xctest */,
				A2A9D04F1ED7877E00B2EF87 /* exerc4UITests.xctest */,
			);
			name = Products;
			sourceTree = "<group>";
		};
		A2A9D0321ED7877D00B2EF87 /* exerc4 */ = {
			isa = PBXGroup;
			children = (
				A2A9D0331ED7877D00B2EF87 /* AppDelegate.swift */,
				A2A9D0351ED7877E00B2EF87 /* ViewController.swift */,
				A2A9D0371ED7877E00B2EF87 /* Main.storyboard */,
				A2A9D03A1ED7877E00B2EF87 /* Assets.xcassets */,
				A2A9D03C1ED7877E00B2EF87 /* LaunchScreen.storyboard */,
				A2A9D03F1ED7877E00B2EF87 /* Info.plist */,
			);
			path = exerc4;
			sourceTree = "<group>";
		};
		A2A9D0471ED7877E00B2EF87 /* exerc4Tests */ = {
			isa = PBXGroup;
			children = (
				A2A9D0481ED7877E00B2EF87 /* exerc4Tests.swift */,
				A2A9D04A1ED7877E00B2EF87 /* Info.plist */,
			);
			path = exerc4Tests;
			sourceTree = "<group>";
		};
		A2A9D0521ED7877E00B2EF87 /* exerc4UITests */ = {
			isa = PBXGroup;
			children = (
				A2A9D0531ED7877E00B2EF87 /* exerc4UITests.swift */,
				A2A9D0551ED7877E00B2EF87 /* Info.plist */,
			);
			path = exerc4UITests;
			sourceTree = "<group>";
		};
/* End PBXGroup section */

/* Begin PBXNativeTarget section */
		A2A9D02F1ED7877D00B2EF87 /* exerc4 */ = {
			isa = PBXNativeTarget;
			buildConfigurationList = A2A9D0581ED7877E00B2EF87 /* Build configuration list for PBXNativeTarget "exerc4" */;
			buildPhases = (
				A2A9D02C1ED7877D00B2EF87 /* Sources */,
				A2A9D02D1ED7877D00B2EF87 /* Frameworks */,
				A2A9D02E1ED7877D00B2EF87 /* Resources */,
			);
			buildRules = (
			);
			dependencies = (
			);
			name = exerc4;
			productName = exerc4;
			productReference = A2A9D0301ED7877D00B2EF87 /* exerc4.app */;
			productType = "com.apple.product-type.application";
		};
		A2A9D0431ED7877E00B2EF87 /* exerc4Tests */ = {
			isa = PBXNativeTarget;
			buildConfigurationList = A2A9D05B1ED7877E00B2EF87 /* Build configuration list for PBXNativeTarget "exerc4Tests" */;
			buildPhases = (
				A2A9D0401ED7877E00B2EF87 /* Sources */,
				A2A9D0411ED7877E00B2EF87 /* Frameworks */,
				A2A9D0421ED7877E00B2EF87 /* Resources */,
			);
			buildRules = (
			);
			dependencies = (
				A2A9D0461ED7877E00B2EF87 /* PBXTargetDependency */,
			);
			name = exerc4Tests;
			productName = exerc4Tests;
			productReference = A2A9D0441ED7877E00B2EF87 /* exerc4Tests.xctest */;
			productType = "com.apple.product-type.bundle.unit-test";
		};
		A2A9D04E1ED7877E00B2EF87 /* exerc4UITests */ = {
			isa = PBXNativeTarget;
			buildConfigurationList = A2A9D05E1ED7877E00B2EF87 /* Build configuration list for PBXNativeTarget "exerc4UITests" */;
			buildPhases = (
				A2A9D04B1ED7877E00B2EF87 /* Sources */,
				A2A9D04C1ED7877E00B2EF87 /* Frameworks */,
				A2A9D04D1ED7877E00B2EF87 /* Resources */,
			);
			buildRules = (
			);
			dependencies = (
				A2A9D0511ED7877E00B2EF87 /* PBXTargetDependency */,
			);
			name = exerc4UITests;
			productName = exerc4UITests;
			productReference = A2A9D04F1ED7877E00B2EF87 /* exerc4UITests.xctest */;
			productType = "com.apple.product-type.bundle.ui-testing";
		};
/* End PBXNativeTarget section */

/* Begin PBXProject section */
		A2A9D0281ED7877D00B2EF87 /* Project object */ = {
			isa = PBXProject;
			attributes = {
				LastSwiftUpdateCheck = 0830;
				LastUpgradeCheck = 0830;
				ORGANIZATIONNAME = IFCE;
				TargetAttributes = {
					A2A9D02F1ED7877D00B2EF87 = {
						CreatedOnToolsVersion = 8.3.2;
						ProvisioningStyle = Automatic;
					};
					A2A9D0431ED7877E00B2EF87 = {
						CreatedOnToolsVersion = 8.3.2;
						ProvisioningStyle = Automatic;
						TestTargetID = A2A9D02F1ED7877D00B2EF87;
					};
					A2A9D04E1ED7877E00B2EF87 = {
						CreatedOnToolsVersion = 8.3.2;
						ProvisioningStyle = Automatic;
						TestTargetID = A2A9D02F1ED7877D00B2EF87;
					};
				};
			};
			buildConfigurationList = A2A9D02B1ED7877D00B2EF87 /* Build configuration list for PBXProject "exerc4" */;
			compatibilityVersion = "Xcode 3.2";
			developmentRegion = English;
			hasScannedForEncodings = 0;
			knownRegions = (
				en,
				Base,
			);
			mainGroup = A2A9D0271ED7877D00B2EF87;
			productRefGroup = A2A9D0311ED7877D00B2EF87 /* Products */;
			projectDirPath = "";
			projectRoot = "";
			targets = (
				A2A9D02F1ED7877D00B2EF87 /* exerc4 */,
				A2A9D0431ED7877E00B2EF87 /* exerc4Tests */,
				A2A9D04E1ED7877E00B2EF87 /* exerc4UITests */,
			);
		};
/* End PBXProject section */

/* Begin PBXResourcesBuildPhase section */
		A2A9D02E1ED7877D00B2EF87 /* Resources */ = {
			isa = PBXResourcesBuildPhase;
			buildActionMask = 2147483647;
			files = (
				A2A9D03E1ED7877E00B2EF87 /* LaunchScreen.storyboard in Resources */,
				A2A9D03B1ED7877E00B2EF87 /* Assets.xcassets in Resources */,
				A2A9D0391ED7877E00B2EF87 /* Main.storyboard in Resources */,
			);
			runOnlyForDeploymentPostprocessing = 0;
		};
		A2A9D0421ED7877E00B2EF87 /* Resources */ = {
			isa = PBXResourcesBuildPhase;
			buildActionMask = 2147483647;
			files = (
			);
			runOnlyForDeploymentPostprocessing = 0;
		};
		A2A9D04D1ED7877E00B2EF87 /* Resources */ = {
			isa = PBXResourcesBuildPhase;
			buildActionMask = 2147483647;
			files = (
			);
			runOnlyForDeploymentPostprocessing = 0;
		};
/* End PBXResourcesBuildPhase section */

/* Begin PBXSourcesBuildPhase section */
		A2A9D02C1ED7877D00B2EF87 /* Sources */ = {
			isa = PBXSourcesBuildPhase;
			buildActionMask = 2147483647;
			files = (
				A2A9D0361ED7877E00B2EF87 /* ViewController.swift in Sources */,
				A2A9D0341ED7877D00B2EF87 /* AppDelegate.swift in Sources */,
			);
			runOnlyForDeploymentPostprocessing = 0;
		};
		A2A9D0401ED7877E00B2EF87 /* Sources */ = {
			isa = PBXSourcesBuildPhase;
			buildActionMask = 2147483647;
			files = (
				A2A9D0491ED7877E00B2EF87 /* exerc4Tests.swift in Sources */,
			);
			runOnlyForDeploymentPostprocessing = 0;
		};
		A2A9D04B1ED7877E00B2EF87 /* Sources */ = {
			isa = PBXSourcesBuildPhase;
			buildActionMask = 2147483647;
			files = (
				A2A9D0541ED7877E00B2EF87 /* exerc4UITests.swift in Sources */,
			);
			runOnlyForDeploymentPostprocessing = 0;
		};
/* End PBXSourcesBuildPhase section */

/* Begin PBXTargetDependency section */
		A2A9D0461ED7877E00B2EF87 /* PBXTargetDependency */ = {
			isa = PBXTargetDependency;
			target = A2A9D02F1ED7877D00B2EF87 /* exerc4 */;
			targetProxy = A2A9D0451ED7877E00B2EF87 /* PBXContainerItemProxy */;
		};
		A2A9D0511ED7877E00B2EF87 /* PBXTargetDependency */ = {
			isa = PBXTargetDependency;
			target = A2A9D02F1ED7877D00B2EF87 /* exerc4 */;
			targetProxy = A2A9D0501ED7877E00B2EF87 /* PBXContainerItemProxy */;
		};
/* End PBXTargetDependency section */

/* Begin PBXVariantGroup section */
		A2A9D0371ED7877E00B2EF87 /* Main.storyboard */ = {
			isa = PBXVariantGroup;
			children = (
				A2A9D0381ED7877E00B2EF87 /* Base */,
			);
			name = Main.storyboard;
			sourceTree = "<group>";
		};
		A2A9D03C1ED7877E00B2EF87 /* LaunchScreen.storyboard */ = {
			isa = PBXVariantGroup;
			children = (
				A2A9D03D1ED7877E00B2EF87 /* Base */,
			);
			name = LaunchScreen.storyboard;
			sourceTree = "<group>";
		};
/* End PBXVariantGroup section */

/* Begin XCBuildConfiguration section */
		A2A9D0561ED7877E00B2EF87 /* Debug */ = {
			isa = XCBuildConfiguration;
			buildSettings = {
				ALWAYS_SEARCH_USER_PATHS = NO;
				CLANG_ANALYZER_NONNULL = YES;
				CLANG_ANALYZER_NUMBER_OBJECT_CONVERSION = YES_AGGRESSIVE;
				CLANG_CXX_LANGUAGE_STANDARD = "gnu++0x";
				CLANG_CXX_LIBRARY = "libc++";
				CLANG_ENABLE_MODULES = YES;
				CLANG_ENABLE_OBJC_ARC = YES;
				CLANG_WARN_BOOL_CONVERSION = YES;
				CLANG_WARN_CONSTANT_CONVERSION = YES;
				CLANG_WARN_DIRECT_OBJC_ISA_USAGE = YES_ERROR;
				CLANG_WARN_DOCUMENTATION_COMMENTS = YES;
				CLANG_WARN_EMPTY_BODY = YES;
				CLANG_WARN_ENUM_CONVERSION = YES;
				CLANG_WARN_INFINITE_RECURSION = YES;
				CLANG_WARN_INT_CONVERSION = YES;
				CLANG_WARN_OBJC_ROOT_CLASS = YES_ERROR;
				CLANG_WARN_SUSPICIOUS_MOVE = YES;
				CLANG_WARN_UNREACHABLE_CODE = YES;
				CLANG_WARN__DUPLICATE_METHOD_MATCH = YES;
				"CODE_SIGN_IDENTITY[sdk=iphoneos*]" = "iPhone Developer";
				COPY_PHASE_STRIP = NO;
				DEBUG_INFORMATION_FORMAT = dwarf;
				ENABLE_STRICT_OBJC_MSGSEND = YES;
				ENABLE_TESTABILITY = YES;
				GCC_C_LANGUAGE_STANDARD = gnu99;
				GCC_DYNAMIC_NO_PIC = NO;
				GCC_NO_COMMON_BLOCKS = YES;
				GCC_OPTIMIZATION_LEVEL = 0;
				GCC_PREPROCESSOR_DEFINITIONS = (
					"DEBUG=1",
					"$(inherited)",
				);
				GCC_WARN_64_TO_32_BIT_CONVERSION = YES;
				GCC_WARN_ABOUT_RETURN_TYPE = YES_ERROR;
				GCC_WARN_UNDECLARED_SELECTOR = YES;
				GCC_WARN_UNINITIALIZED_AUTOS = YES_AGGRESSIVE;
				GCC_WARN_UNUSED_FUNCTION = YES;
				GCC_WARN_UNUSED_VARIABLE = YES;
				IPHONEOS_DEPLOYMENT_TARGET = 10.3;
				MTL_ENABLE_DEBUG_INFO = YES;
				ONLY_ACTIVE_ARCH = YES;
				SDKROOT = iphoneos;
				SWIFT_ACTIVE_COMPILATION_CONDITIONS = DEBUG;
				SWIFT_OPTIMIZATION_LEVEL = "-Onone";
			};
			name = Debug;
		};
		A2A9D0571ED7877E00B2EF87 /* Release */ = {
			isa = XCBuildConfiguration;
			buildSettings = {
				ALWAYS_SEARCH_USER_PATHS = NO;
				CLANG_ANALYZER_NONNULL = YES;
				CLANG_ANALYZER_NUMBER_OBJECT_CONVERSION = YES_AGGRESSIVE;
				CLANG_CXX_LANGUAGE_STANDARD = "gnu++0x";
				CLANG_CXX_LIBRARY = "libc++";
				CLANG_ENABLE_MODULES = YES;
				CLANG_ENABLE_OBJC_ARC = YES;
				CLANG_WARN_BOOL_CONVERSION = YES;
				CLANG_WARN_CONSTANT_CONVERSION = YES;
				CLANG_WARN_DIRECT_OBJC_ISA_USAGE = YES_ERROR;
				CLANG_WARN_DOCUMENTATION_COMMENTS = YES;
				CLANG_WARN_EMPTY_BODY = YES;
				CLANG_WARN_ENUM_CONVERSION = YES;
				CLANG_WARN_INFINITE_RECURSION = YES;
				CLANG_WARN_INT_CONVERSION = YES;
				CLANG_WARN_OBJC_ROOT_CLASS = YES_ERROR;
				CLANG_WARN_SUSPICIOUS_MOVE = YES;
				CLANG_WARN_UNREACHABLE_CODE = YES;
				CLANG_WARN__DUPLICATE_METHOD_MATCH = YES;
				"CODE_SIGN_IDENTITY[sdk=iphoneos*]" = "iPhone Developer";
				COPY_PHASE_STRIP = NO;
				DEBUG_INFORMATION_FORMAT = "dwarf-with-dsym";
				ENABLE_NS_ASSERTIONS = NO;
				ENABLE_STRICT_OBJC_MSGSEND = YES;
				GCC_C_LANGUAGE_STANDARD = gnu99;
				GCC_NO_COMMON_BLOCKS = YES;
				GCC_WARN_64_TO_32_BIT_CONVERSION = YES;
				GCC_WARN_ABOUT_RETURN_TYPE = YES_ERROR;
				GCC_WARN_UNDECLARED_SELECTOR = YES;
				GCC_WARN_UNINITIALIZED_AUTOS = YES_AGGRESSIVE;
				GCC_WARN_UNUSED_FUNCTION = YES;
				GCC_WARN_UNUSED_VARIABLE = YES;
				IPHONEOS_DEPLOYMENT_TARGET = 10.3;
				MTL_ENABLE_DEBUG_INFO = NO;
				SDKROOT = iphoneos;
				SWIFT_OPTIMIZATION_LEVEL = "-Owholemodule";
				VALIDATE_PRODUCT = YES;
			};
			name = Release;
		};
		A2A9D0591ED7877E00B2EF87 /* Debug */ = {
			isa = XCBuildConfiguration;
			buildSettings = {
				ASSETCATALOG_COMPILER_APPICON_NAME = AppIcon;
				INFOPLIST_FILE = exerc4/Info.plist;
				LD_RUNPATH_SEARCH_PATHS = "$(inherited) @executable_path/Frameworks";
				PRODUCT_BUNDLE_IDENTIFIER = bepid.exerc4;
				PRODUCT_NAME = "$(TARGET_NAME)";
				SWIFT_VERSION = 3.0;
			};
			name = Debug;
		};
		A2A9D05A1ED7877E00B2EF87 /* Release */ = {
			isa = XCBuildConfiguration;
			buildSettings = {
				ASSETCATALOG_COMPILER_APPICON_NAME = AppIcon;
				INFOPLIST_FILE = exerc4/Info.plist;
				LD_RUNPATH_SEARCH_PATHS = "$(inherited) @executable_path/Frameworks";
				PRODUCT_BUNDLE_IDENTIFIER = bepid.exerc4;
				PRODUCT_NAME = "$(TARGET_NAME)";
				SWIFT_VERSION = 3.0;
			};
			name = Release;
		};
		A2A9D05C1ED7877E00B2EF87 /* Debug */ = {
			isa = XCBuildConfiguration;
			buildSettings = {
				ALWAYS_EMBED_SWIFT_STANDARD_LIBRARIES = YES;
				BUNDLE_LOADER = "$(TEST_HOST)";
				INFOPLIST_FILE = exerc4Tests/Info.plist;
				LD_RUNPATH_SEARCH_PATHS = "$(inherited) @executable_path/Frameworks @loader_path/Frameworks";
				PRODUCT_BUNDLE_IDENTIFIER = bepid.exerc4Tests;
				PRODUCT_NAME = "$(TARGET_NAME)";
				SWIFT_VERSION = 3.0;
				TEST_HOST = "$(BUILT_PRODUCTS_DIR)/exerc4.app/exerc4";
			};
			name = Debug;
		};
		A2A9D05D1ED7877E00B2EF87 /* Release */ = {
			isa = XCBuildConfiguration;
			buildSettings = {
				ALWAYS_EMBED_SWIFT_STANDARD_LIBRARIES = YES;
				BUNDLE_LOADER = "$(TEST_HOST)";
				INFOPLIST_FILE = exerc4Tests/Info.plist;
				LD_RUNPATH_SEARCH_PATHS = "$(inherited) @executable_path/Frameworks @loader_path/Frameworks";
				PRODUCT_BUNDLE_IDENTIFIER = bepid.exerc4Tests;
				PRODUCT_NAME = "$(TARGET_NAME)";
				SWIFT_VERSION = 3.0;
				TEST_HOST = "$(BUILT_PRODUCTS_DIR)/exerc4.app/exerc4";
			};
			name = Release;
		};
		A2A9D05F1ED7877E00B2EF87 /* Debug */ = {
			isa = XCBuildConfiguration;
			buildSettings = {
				ALWAYS_EMBED_SWIFT_STANDARD_LIBRARIES = YES;
				INFOPLIST_FILE = exerc4UITests/Info.plist;
				LD_RUNPATH_SEARCH_PATHS = "$(inherited) @executable_path/Frameworks @loader_path/Frameworks";
				PRODUCT_BUNDLE_IDENTIFIER = bepid.exerc4UITests;
				PRODUCT_NAME = "$(TARGET_NAME)";
				SWIFT_VERSION = 3.0;
				TEST_TARGET_NAME = exerc4;
			};
			name = Debug;
		};
		A2A9D0601ED7877E00B2EF87 /* Release */ = {
			isa = XCBuildConfiguration;
			buildSettings = {
				ALWAYS_EMBED_SWIFT_STANDARD_LIBRARIES = YES;
				INFOPLIST_FILE = exerc4UITests/Info.plist;
				LD_RUNPATH_SEARCH_PATHS = "$(inherited) @executable_path/Frameworks @loader_path/Frameworks";
				PRODUCT_BUNDLE_IDENTIFIER = bepid.exerc4UITests;
				PRODUCT_NAME = "$(TARGET_NAME)";
				SWIFT_VERSION = 3.0;
				TEST_TARGET_NAME = exerc4;
			};
			name = Release;
		};
/* End XCBuildConfiguration section */

/* Begin XCConfigurationList section */
		A2A9D02B1ED7877D00B2EF87 /* Build configuration list for PBXProject "exerc4" */ = {
			isa = XCConfigurationList;
			buildConfigurations = (
				A2A9D0561ED7877E00B2EF87 /* Debug */,
				A2A9D0571ED7877E00B2EF87 /* Release */,
			);
			defaultConfigurationIsVisible = 0;
			defaultConfigurationName = Release;
		};
		A2A9D0581ED7877E00B2EF87 /* Build configuration list for PBXNativeTarget "exerc4" */ = {
			isa = XCConfigurationList;
			buildConfigurations = (
				A2A9D0591ED7877E00B2EF87 /* Debug */,
				A2A9D05A1ED7877E00B2EF87 /* Release */,
			);
			defaultConfigurationIsVisible = 0;
		};
		A2A9D05B1ED7877E00B2EF87 /* Build configuration list for PBXNativeTarget "exerc4Tests" */ = {
			isa = XCConfigurationList;
			buildConfigurations = (
				A2A9D05C1ED7877E00B2EF87 /* Debug */,
				A2A9D05D1ED7877E00B2EF87 /* Release */,
			);
			defaultConfigurationIsVisible = 0;
		};
		A2A9D05E1ED7877E00B2EF87 /* Build configuration list for PBXNativeTarget "exerc4UITests" */ = {
			isa = XCConfigurationList;
			buildConfigurations = (
				A2A9D05F1ED7877E00B2EF87 /* Debug */,
				A2A9D0601ED7877E00B2EF87 /* Release */,
			);
			defaultConfigurationIsVisible = 0;
		};
/* End XCConfigurationList section */
	};
	rootObject = A2A9D0281ED7877D00B2EF87 /* Project object */;
}
